
Microsoft Visual Studio Solution File, Format Version 12.00
# Visual Studio Version 17
VisualStudioVersion = 17.4.33205.214
MinimumVisualStudioVersion = 10.0.40219.1
Project("{FAE04EC0-301F-11D3-BF4B-00C04F79EFBC}") = "Gestionale_Hotel", "Gestionale_Hotel\Gestionale_Hotel.csproj", "{166D4F05-07CC-4BBA-9355-EB68AA8C7CDF}"
EndProject
Global
	GlobalSection(SolutionConfigurationPlatforms) = preSolution
		Debug|Any CPU = Debug|Any CPU
		Release|Any CPU = Release|Any CPU
	EndGlobalSection
	GlobalSection(ProjectConfigurationPlatforms) = postSolution
		{166D4F05-07CC-4BBA-9355-EB68AA8C7CDF}.Debug|Any CPU.ActiveCfg = Debug|Any CPU
		{166D4F05-07CC-4BBA-9355-EB68AA8C7CDF}.Debug|Any CPU.Build.0 = Debug|Any CPU
		{166D4F05-07CC-4BBA-9355-EB68AA8C7CDF}.Release|Any CPU.ActiveCfg = Release|Any CPU
		{166D4F05-07CC-4BBA-9355-EB68AA8C7CDF}.Release|Any CPU.Build.0 = Release|Any CPU
	EndGlobalSection
	GlobalSection(SolutionProperties) = preSolution
		HideSolutionNode = FALSE
	EndGlobalSection
	GlobalSection(ExtensibilityGlobals) = postSolution
		SolutionGuid = {BC923916-9146-43E8-BCDF-A83E5EB39F68}
	EndGlobalSection
EndGlobal
